
Microsoft Visual Studio Solution File, Format Version 12.00
# Visual Studio Version 17
VisualStudioVersion = 17.6.33723.286
MinimumVisualStudioVersion = 10.0.40219.1
Project("{FAE04EC0-301F-11D3-BF4B-00C04F79EFBC}") = "RazorPageNet7", "RazorPageNet7\RazorPageNet7.csproj", "{96D634EE-8279-494E-B2F7-FFF4A235ECB9}"
EndProject
Global
	GlobalSection(SolutionConfigurationPlatforms) = preSolution
		Debug|Any CPU = Debug|Any CPU
		Release|Any CPU = Release|Any CPU
	EndGlobalSection
	GlobalSection(ProjectConfigurationPlatforms) = postSolution
		{96D634EE-8279-494E-B2F7-FFF4A235ECB9}.Debug|Any CPU.ActiveCfg = Debug|Any CPU
		{96D634EE-8279-494E-B2F7-FFF4A235ECB9}.Debug|Any CPU.Build.0 = Debug|Any CPU
		{96D634EE-8279-494E-B2F7-FFF4A235ECB9}.Release|Any CPU.ActiveCfg = Release|Any CPU
		{96D634EE-8279-494E-B2F7-FFF4A235ECB9}.Release|Any CPU.Build.0 = Release|Any CPU
	EndGlobalSection
	GlobalSection(SolutionProperties) = preSolution
		HideSolutionNode = FALSE
	EndGlobalSection
	GlobalSection(ExtensibilityGlobals) = postSolution
		SolutionGuid = {B3EF87F9-5E19-4B1B-973D-CF14DC08F378}
	EndGlobalSection
EndGlobal
